// !$*UTF8*$!
{
	archiveVersion = 1;
	classes = {
	};
	objectVersion = 50;
	objects = {

/* Begin PBXBuildFile section */
		3DEB28E7219DBC670086A017 /* Cells.swift in Sources */ = {isa = PBXBuildFile; fileRef = 3DEB28E6219DBC670086A017 /* Cells.swift */; };
		F54F6374219EB98500E53BF7 /* GenericMultiTypeDataSource.swift in Sources */ = {isa = PBXBuildFile; fileRef = F54F6373219EB98500E53BF7 /* GenericMultiTypeDataSource.swift */; };
		F54F6376219EBD7B00E53BF7 /* GenericDataSource.swift in Sources */ = {isa = PBXBuildFile; fileRef = F54F6375219EBD7B00E53BF7 /* GenericDataSource.swift */; };
		F54F6378219EBDBD00E53BF7 /* TableViewDataSource.swift in Sources */ = {isa = PBXBuildFile; fileRef = F54F6377219EBDBD00E53BF7 /* TableViewDataSource.swift */; };
		F5630B2A21A6D27700C90746 /* SourceListTableViewController.swift in Sources */ = {isa = PBXBuildFile; fileRef = F5630B2921A6D27700C90746 /* SourceListTableViewController.swift */; };
		F5630B2F21A7DE8500C90746 /* SourceListConfigurator.swift in Sources */ = {isa = PBXBuildFile; fileRef = F5630B2E21A7DE8500C90746 /* SourceListConfigurator.swift */; };
		F5630B3121A7DEA700C90746 /* SourceListPresenter.swift in Sources */ = {isa = PBXBuildFile; fileRef = F5630B3021A7DEA600C90746 /* SourceListPresenter.swift */; };
		F5630B3321A7DED800C90746 /* SourceListRouter.swift in Sources */ = {isa = PBXBuildFile; fileRef = F5630B3221A7DED800C90746 /* SourceListRouter.swift */; };
		F5FF0FF12191C8B80083FE03 /* AppDelegate.swift in Sources */ = {isa = PBXBuildFile; fileRef = F5FF0FF02191C8B80083FE03 /* AppDelegate.swift */; };
		F5FF0FF32191C8B80083FE03 /* ViewController.swift in Sources */ = {isa = PBXBuildFile; fileRef = F5FF0FF22191C8B80083FE03 /* ViewController.swift */; };
		F5FF0FF62191C8B80083FE03 /* Main.storyboard in Resources */ = {isa = PBXBuildFile; fileRef = F5FF0FF42191C8B80083FE03 /* Main.storyboard */; };
		F5FF0FF82191C8BC0083FE03 /* Assets.xcassets in Resources */ = {isa = PBXBuildFile; fileRef = F5FF0FF72191C8BC0083FE03 /* Assets.xcassets */; };
		F5FF0FFB2191C8BC0083FE03 /* LaunchScreen.storyboard in Resources */ = {isa = PBXBuildFile; fileRef = F5FF0FF92191C8BC0083FE03 /* LaunchScreen.storyboard */; };
		F5FF10062191C8BC0083FE03 /* EasyNetworkLayerTests.swift in Sources */ = {isa = PBXBuildFile; fileRef = F5FF10052191C8BC0083FE03 /* EasyNetworkLayerTests.swift */; };
		F5FF10112191C8BC0083FE03 /* EasyNetworkLayerUITests.swift in Sources */ = {isa = PBXBuildFile; fileRef = F5FF10102191C8BC0083FE03 /* EasyNetworkLayerUITests.swift */; };
		F5FF10212191CB110083FE03 /* Fetcher.swift in Sources */ = {isa = PBXBuildFile; fileRef = F5FF10202191CB110083FE03 /* Fetcher.swift */; };
		F5FF10232191CBAB0083FE03 /* FetchError.swift in Sources */ = {isa = PBXBuildFile; fileRef = F5FF10222191CBAB0083FE03 /* FetchError.swift */; };
		F5FF10252191CBDB0083FE03 /* FetchResult.swift in Sources */ = {isa = PBXBuildFile; fileRef = F5FF10242191CBDB0083FE03 /* FetchResult.swift */; };
		F5FF10292191DCFD0083FE03 /* Source.swift in Sources */ = {isa = PBXBuildFile; fileRef = F5FF10282191DCFD0083FE03 /* Source.swift */; };
		F5FF102B2191E10C0083FE03 /* Article.swift in Sources */ = {isa = PBXBuildFile; fileRef = F5FF102A2191E10C0083FE03 /* Article.swift */; };
		F5FF102E2191E3870083FE03 /* FetchMethod.swift in Sources */ = {isa = PBXBuildFile; fileRef = F5FF102D2191E3870083FE03 /* FetchMethod.swift */; };
		F5FF10302191E3AD0083FE03 /* Endpoint.swift in Sources */ = {isa = PBXBuildFile; fileRef = F5FF102F2191E3AD0083FE03 /* Endpoint.swift */; };
		F5FF10322192C7290083FE03 /* Encoders.swift in Sources */ = {isa = PBXBuildFile; fileRef = F5FF10312192C7290083FE03 /* Encoders.swift */; };
		F5FF10342192C9A80083FE03 /* FetchTask.swift in Sources */ = {isa = PBXBuildFile; fileRef = F5FF10332192C9A80083FE03 /* FetchTask.swift */; };
		F5FF103721942F970083FE03 /* CellProtocol.swift in Sources */ = {isa = PBXBuildFile; fileRef = F5FF103621942F970083FE03 /* CellProtocol.swift */; };
		F5FF103C21942FE60083FE03 /* SourceTableViewCell.swift in Sources */ = {isa = PBXBuildFile; fileRef = F5FF103A21942FE60083FE03 /* SourceTableViewCell.swift */; };
		F5FF103D21942FE60083FE03 /* SourceTableViewCell.xib in Resources */ = {isa = PBXBuildFile; fileRef = F5FF103B21942FE60083FE03 /* SourceTableViewCell.xib */; };
		F5FF103F219447C50083FE03 /* Cachable.swift in Sources */ = {isa = PBXBuildFile; fileRef = F5FF103E219447C50083FE03 /* Cachable.swift */; };
		F5FF1041219451200083FE03 /* NewsListViewController.swift in Sources */ = {isa = PBXBuildFile; fileRef = F5FF1040219451200083FE03 /* NewsListViewController.swift */; };
		F5FF1044219452C80083FE03 /* NewsTableViewCell.swift in Sources */ = {isa = PBXBuildFile; fileRef = F5FF1042219452C80083FE03 /* NewsTableViewCell.swift */; };
		F5FF1045219452C80083FE03 /* NewsTableViewCell.xib in Resources */ = {isa = PBXBuildFile; fileRef = F5FF1043219452C80083FE03 /* NewsTableViewCell.xib */; };
		F5FF1047219455550083FE03 /* UIViewController+Utils.swift in Sources */ = {isa = PBXBuildFile; fileRef = F5FF1046219455550083FE03 /* UIViewController+Utils.swift */; };
		F5FF1049219457D00083FE03 /* UIStoryboard+Utils.swift in Sources */ = {isa = PBXBuildFile; fileRef = F5FF1048219457D00083FE03 /* UIStoryboard+Utils.swift */; };
		F5FF104E21946A370083FE03 /* DynamicValue.swift in Sources */ = {isa = PBXBuildFile; fileRef = F5FF104D21946A370083FE03 /* DynamicValue.swift */; };
		F5FF10522195B6D90083FE03 /* DynamicTableUIController.swift in Sources */ = {isa = PBXBuildFile; fileRef = F5FF10512195B6D90083FE03 /* DynamicTableUIController.swift */; };
/* End PBXBuildFile section */

/* Begin PBXContainerItemProxy section */
		F5FF10022191C8BC0083FE03 /* PBXContainerItemProxy */ = {
			isa = PBXContainerItemProxy;
			containerPortal = F5FF0FE52191C8B80083FE03 /* Project object */;
			proxyType = 1;
			remoteGlobalIDString = F5FF0FEC2191C8B80083FE03;
			remoteInfo = EasyNetworkLayer;
		};
		F5FF100D2191C8BC0083FE03 /* PBXContainerItemProxy */ = {
			isa = PBXContainerItemProxy;
			containerPortal = F5FF0FE52191C8B80083FE03 /* Project object */;
			proxyType = 1;
			remoteGlobalIDString = F5FF0FEC2191C8B80083FE03;
			remoteInfo = EasyNetworkLayer;
		};
/* End PBXContainerItemProxy section */

/* Begin PBXFileReference section */
		3DEB28E6219DBC670086A017 /* Cells.swift */ = {isa = PBXFileReference; lastKnownFileType = sourcecode.swift; path = Cells.swift; sourceTree = "<group>"; };
		F54F6373219EB98500E53BF7 /* GenericMultiTypeDataSource.swift */ = {isa = PBXFileReference; lastKnownFileType = sourcecode.swift; path = GenericMultiTypeDataSource.swift; sourceTree = "<group>"; };
		F54F6375219EBD7B00E53BF7 /* GenericDataSource.swift */ = {isa = PBXFileReference; lastKnownFileType = sourcecode.swift; path = GenericDataSource.swift; sourceTree = "<group>"; };
		F54F6377219EBDBD00E53BF7 /* TableViewDataSource.swift */ = {isa = PBXFileReference; lastKnownFileType = sourcecode.swift; path = TableViewDataSource.swift; sourceTree = "<group>"; };
		F5630B2921A6D27700C90746 /* SourceListTableViewController.swift */ = {isa = PBXFileReference; lastKnownFileType = sourcecode.swift; path = SourceListTableViewController.swift; sourceTree = "<group>"; };
		F5630B2E21A7DE8500C90746 /* SourceListConfigurator.swift */ = {isa = PBXFileReference; lastKnownFileType = sourcecode.swift; path = SourceListConfigurator.swift; sourceTree = "<group>"; };
		F5630B3021A7DEA600C90746 /* SourceListPresenter.swift */ = {isa = PBXFileReference; lastKnownFileType = sourcecode.swift; path = SourceListPresenter.swift; sourceTree = "<group>"; };
		F5630B3221A7DED800C90746 /* SourceListRouter.swift */ = {isa = PBXFileReference; lastKnownFileType = sourcecode.swift; path = SourceListRouter.swift; sourceTree = "<group>"; };
		F5FF0FED2191C8B80083FE03 /* EasyNetworkLayer.app */ = {isa = PBXFileReference; explicitFileType = wrapper.application; includeInIndex = 0; path = EasyNetworkLayer.app; sourceTree = BUILT_PRODUCTS_DIR; };
		F5FF0FF02191C8B80083FE03 /* AppDelegate.swift */ = {isa = PBXFileReference; lastKnownFileType = sourcecode.swift; path = AppDelegate.swift; sourceTree = "<group>"; };
		F5FF0FF22191C8B80083FE03 /* ViewController.swift */ = {isa = PBXFileReference; lastKnownFileType = sourcecode.swift; path = ViewController.swift; sourceTree = "<group>"; };
		F5FF0FF52191C8B80083FE03 /* Base */ = {isa = PBXFileReference; lastKnownFileType = file.storyboard; name = Base; path = Base.lproj/Main.storyboard; sourceTree = "<group>"; };
		F5FF0FF72191C8BC0083FE03 /* Assets.xcassets */ = {isa = PBXFileReference; lastKnownFileType = folder.assetcatalog; path = Assets.xcassets; sourceTree = "<group>"; };
		F5FF0FFA2191C8BC0083FE03 /* Base */ = {isa = PBXFileReference; lastKnownFileType = file.storyboard; name = Base; path = Base.lproj/LaunchScreen.storyboard; sourceTree = "<group>"; };
		F5FF0FFC2191C8BC0083FE03 /* Info.plist */ = {isa = PBXFileReference; lastKnownFileType = text.plist.xml; path = Info.plist; sourceTree = "<group>"; };
		F5FF10012191C8BC0083FE03 /* EasyNetworkLayerTests.xctest */ = {isa = PBXFileReference; explicitFileType = wrapper.cfbundle; includeInIndex = 0; path = EasyNetworkLayerTests.xctest; sourceTree = BUILT_PRODUCTS_DIR; };
		F5FF10052191C8BC0083FE03 /* EasyNetworkLayerTests.swift */ = {isa = PBXFileReference; lastKnownFileType = sourcecode.swift; path = EasyNetworkLayerTests.swift; sourceTree = "<group>"; };
		F5FF10072191C8BC0083FE03 /* Info.plist */ = {isa = PBXFileReference; lastKnownFileType = text.plist.xml; path = Info.plist; sourceTree = "<group>"; };
		F5FF100C2191C8BC0083FE03 /* EasyNetworkLayerUITests.xctest */ = {isa = PBXFileReference; explicitFileType = wrapper.cfbundle; includeInIndex = 0; path = EasyNetworkLayerUITests.xctest; sourceTree = BUILT_PRODUCTS_DIR; };
		F5FF10102191C8BC0083FE03 /* EasyNetworkLayerUITests.swift */ = {isa = PBXFileReference; lastKnownFileType = sourcecode.swift; path = EasyNetworkLayerUITests.swift; sourceTree = "<group>"; };
		F5FF10122191C8BC0083FE03 /* Info.plist */ = {isa = PBXFileReference; lastKnownFileType = text.plist.xml; path = Info.plist; sourceTree = "<group>"; };
		F5FF10202191CB110083FE03 /* Fetcher.swift */ = {isa = PBXFileReference; lastKnownFileType = sourcecode.swift; path = Fetcher.swift; sourceTree = "<group>"; };
		F5FF10222191CBAB0083FE03 /* FetchError.swift */ = {isa = PBXFileReference; lastKnownFileType = sourcecode.swift; path = FetchError.swift; sourceTree = "<group>"; };
		F5FF10242191CBDB0083FE03 /* FetchResult.swift */ = {isa = PBXFileReference; lastKnownFileType = sourcecode.swift; path = FetchResult.swift; sourceTree = "<group>"; };
		F5FF10282191DCFD0083FE03 /* Source.swift */ = {isa = PBXFileReference; lastKnownFileType = sourcecode.swift; path = Source.swift; sourceTree = "<group>"; };
		F5FF102A2191E10C0083FE03 /* Article.swift */ = {isa = PBXFileReference; lastKnownFileType = sourcecode.swift; path = Article.swift; sourceTree = "<group>"; };
		F5FF102D2191E3870083FE03 /* FetchMethod.swift */ = {isa = PBXFileReference; lastKnownFileType = sourcecode.swift; path = FetchMethod.swift; sourceTree = "<group>"; };
		F5FF102F2191E3AD0083FE03 /* Endpoint.swift */ = {isa = PBXFileReference; lastKnownFileType = sourcecode.swift; path = Endpoint.swift; sourceTree = "<group>"; };
		F5FF10312192C7290083FE03 /* Encoders.swift */ = {isa = PBXFileReference; lastKnownFileType = sourcecode.swift; path = Encoders.swift; sourceTree = "<group>"; };
		F5FF10332192C9A80083FE03 /* FetchTask.swift */ = {isa = PBXFileReference; lastKnownFileType = sourcecode.swift; path = FetchTask.swift; sourceTree = "<group>"; };
		F5FF103621942F970083FE03 /* CellProtocol.swift */ = {isa = PBXFileReference; lastKnownFileType = sourcecode.swift; path = CellProtocol.swift; sourceTree = "<group>"; };
		F5FF103A21942FE60083FE03 /* SourceTableViewCell.swift */ = {isa = PBXFileReference; lastKnownFileType = sourcecode.swift; path = SourceTableViewCell.swift; sourceTree = "<group>"; };
		F5FF103B21942FE60083FE03 /* SourceTableViewCell.xib */ = {isa = PBXFileReference; lastKnownFileType = file.xib; path = SourceTableViewCell.xib; sourceTree = "<group>"; };
		F5FF103E219447C50083FE03 /* Cachable.swift */ = {isa = PBXFileReference; lastKnownFileType = sourcecode.swift; path = Cachable.swift; sourceTree = "<group>"; };
		F5FF1040219451200083FE03 /* NewsListViewController.swift */ = {isa = PBXFileReference; lastKnownFileType = sourcecode.swift; path = NewsListViewController.swift; sourceTree = "<group>"; };
		F5FF1042219452C80083FE03 /* NewsTableViewCell.swift */ = {isa = PBXFileReference; lastKnownFileType = sourcecode.swift; path = NewsTableViewCell.swift; sourceTree = "<group>"; };
		F5FF1043219452C80083FE03 /* NewsTableViewCell.xib */ = {isa = PBXFileReference; lastKnownFileType = file.xib; path = NewsTableViewCell.xib; sourceTree = "<group>"; };
		F5FF1046219455550083FE03 /* UIViewController+Utils.swift */ = {isa = PBXFileReference; lastKnownFileType = sourcecode.swift; path = "UIViewController+Utils.swift"; sourceTree = "<group>"; };
		F5FF1048219457D00083FE03 /* UIStoryboard+Utils.swift */ = {isa = PBXFileReference; lastKnownFileType = sourcecode.swift; path = "UIStoryboard+Utils.swift"; sourceTree = "<group>"; };
		F5FF104D21946A370083FE03 /* DynamicValue.swift */ = {isa = PBXFileReference; lastKnownFileType = sourcecode.swift; path = DynamicValue.swift; sourceTree = "<group>"; };
		F5FF10512195B6D90083FE03 /* DynamicTableUIController.swift */ = {isa = PBXFileReference; lastKnownFileType = sourcecode.swift; path = DynamicTableUIController.swift; sourceTree = "<group>"; };
/* End PBXFileReference section */

/* Begin PBXFrameworksBuildPhase section */
		F5FF0FEA2191C8B80083FE03 /* Frameworks */ = {
			isa = PBXFrameworksBuildPhase;
			buildActionMask = 2147483647;
			files = (
			);
			runOnlyForDeploymentPostprocessing = 0;
		};
		F5FF0FFE2191C8BC0083FE03 /* Frameworks */ = {
			isa = PBXFrameworksBuildPhase;
			buildActionMask = 2147483647;
			files = (
			);
			runOnlyForDeploymentPostprocessing = 0;
		};
		F5FF10092191C8BC0083FE03 /* Frameworks */ = {
			isa = PBXFrameworksBuildPhase;
			buildActionMask = 2147483647;
			files = (
			);
			runOnlyForDeploymentPostprocessing = 0;
		};
/* End PBXFrameworksBuildPhase section */

/* Begin PBXGroup section */
		F54F6379219EC22B00E53BF7 /* unusedCodes */ = {
			isa = PBXGroup;
			children = (
				F5FF104D21946A370083FE03 /* DynamicValue.swift */,
				F54F6375219EBD7B00E53BF7 /* GenericDataSource.swift */,
				F54F6373219EB98500E53BF7 /* GenericMultiTypeDataSource.swift */,
			);
			path = unusedCodes;
			sourceTree = "<group>";
		};
		F5630B3421A7E3FD00C90746 /* SourceList */ = {
			isa = PBXGroup;
			children = (
				F5630B2921A6D27700C90746 /* SourceListTableViewController.swift */,
				F5630B2E21A7DE8500C90746 /* SourceListConfigurator.swift */,
				F5630B3021A7DEA600C90746 /* SourceListPresenter.swift */,
				F5630B3221A7DED800C90746 /* SourceListRouter.swift */,
			);
			path = SourceList;
			sourceTree = "<group>";
		};
		F5FF0FE42191C8B80083FE03 = {
			isa = PBXGroup;
			children = (
				F5FF0FEF2191C8B80083FE03 /* EasyNetworkLayer */,
				F5FF10042191C8BC0083FE03 /* EasyNetworkLayerTests */,
				F5FF100F2191C8BC0083FE03 /* EasyNetworkLayerUITests */,
				F5FF0FEE2191C8B80083FE03 /* Products */,
			);
			sourceTree = "<group>";
		};
		F5FF0FEE2191C8B80083FE03 /* Products */ = {
			isa = PBXGroup;
			children = (
				F5FF0FED2191C8B80083FE03 /* EasyNetworkLayer.app */,
				F5FF10012191C8BC0083FE03 /* EasyNetworkLayerTests.xctest */,
				F5FF100C2191C8BC0083FE03 /* EasyNetworkLayerUITests.xctest */,
			);
			name = Products;
			sourceTree = "<group>";
		};
		F5FF0FEF2191C8B80083FE03 /* EasyNetworkLayer */ = {
			isa = PBXGroup;
			children = (
				F5FF0FF02191C8B80083FE03 /* AppDelegate.swift */,
				F5FF101F2191CAE70083FE03 /* Network */,
				F5FF102C2191E3120083FE03 /* Models */,
				F5FF104A21945F6A0083FE03 /* Extensions */,
				F5FF104C21945F8B0083FE03 /* ViewController */,
				F5FF104B21945F7D0083FE03 /* Cell */,
				F5FF10512195B6D90083FE03 /* DynamicTableUIController.swift */,
				F54F6377219EBDBD00E53BF7 /* TableViewDataSource.swift */,
				F5FF0FF42191C8B80083FE03 /* Main.storyboard */,
				F5FF0FF72191C8BC0083FE03 /* Assets.xcassets */,
				F5FF0FF92191C8BC0083FE03 /* LaunchScreen.storyboard */,
				F5FF0FFC2191C8BC0083FE03 /* Info.plist */,
				F54F6379219EC22B00E53BF7 /* unusedCodes */,
			);
			path = EasyNetworkLayer;
			sourceTree = "<group>";
		};
		F5FF10042191C8BC0083FE03 /* EasyNetworkLayerTests */ = {
			isa = PBXGroup;
			children = (
				F5FF10052191C8BC0083FE03 /* EasyNetworkLayerTests.swift */,
				F5FF10072191C8BC0083FE03 /* Info.plist */,
			);
			path = EasyNetworkLayerTests;
			sourceTree = "<group>";
		};
		F5FF100F2191C8BC0083FE03 /* EasyNetworkLayerUITests */ = {
			isa = PBXGroup;
			children = (
				F5FF10102191C8BC0083FE03 /* EasyNetworkLayerUITests.swift */,
				F5FF10122191C8BC0083FE03 /* Info.plist */,
			);
			path = EasyNetworkLayerUITests;
			sourceTree = "<group>";
		};
		F5FF101F2191CAE70083FE03 /* Network */ = {
			isa = PBXGroup;
			children = (
				F5FF10202191CB110083FE03 /* Fetcher.swift */,
				F5FF10222191CBAB0083FE03 /* FetchError.swift */,
				F5FF10242191CBDB0083FE03 /* FetchResult.swift */,
				F5FF102D2191E3870083FE03 /* FetchMethod.swift */,
				F5FF102F2191E3AD0083FE03 /* Endpoint.swift */,
				F5FF10312192C7290083FE03 /* Encoders.swift */,
				F5FF10332192C9A80083FE03 /* FetchTask.swift */,
			);
			path = Network;
			sourceTree = "<group>";
		};
		F5FF102C2191E3120083FE03 /* Models */ = {
			isa = PBXGroup;
			children = (
				F5FF10282191DCFD0083FE03 /* Source.swift */,
				F5FF102A2191E10C0083FE03 /* Article.swift */,
			);
			path = Models;
			sourceTree = "<group>";
		};
		F5FF104A21945F6A0083FE03 /* Extensions */ = {
			isa = PBXGroup;
			children = (
				F5FF1046219455550083FE03 /* UIViewController+Utils.swift */,
				F5FF1048219457D00083FE03 /* UIStoryboard+Utils.swift */,
				F5FF103E219447C50083FE03 /* Cachable.swift */,
			);
			path = Extensions;
			sourceTree = "<group>";
		};
		F5FF104B21945F7D0083FE03 /* Cell */ = {
			isa = PBXGroup;
			children = (
				F5FF103621942F970083FE03 /* CellProtocol.swift */,
				F5FF103A21942FE60083FE03 /* SourceTableViewCell.swift */,
				F5FF103B21942FE60083FE03 /* SourceTableViewCell.xib */,
				F5FF1042219452C80083FE03 /* NewsTableViewCell.swift */,
				F5FF1043219452C80083FE03 /* NewsTableViewCell.xib */,
				3DEB28E6219DBC670086A017 /* Cells.swift */,
			);
			path = Cell;
			sourceTree = "<group>";
		};
		F5FF104C21945F8B0083FE03 /* ViewController */ = {
			isa = PBXGroup;
			children = (
				F5630B3421A7E3FD00C90746 /* SourceList */,
				F5FF0FF22191C8B80083FE03 /* ViewController.swift */,
				F5FF1040219451200083FE03 /* NewsListViewController.swift */,
			);
			path = ViewController;
			sourceTree = "<group>";
		};
/* End PBXGroup section */

/* Begin PBXNativeTarget section */
		F5FF0FEC2191C8B80083FE03 /* EasyNetworkLayer */ = {
			isa = PBXNativeTarget;
			buildConfigurationList = F5FF10152191C8BC0083FE03 /* Build configuration list for PBXNativeTarget "EasyNetworkLayer" */;
			buildPhases = (
				F5FF0FE92191C8B80083FE03 /* Sources */,
				F5FF0FEA2191C8B80083FE03 /* Frameworks */,
				F5FF0FEB2191C8B80083FE03 /* Resources */,
			);
			buildRules = (
			);
			dependencies = (
			);
			name = EasyNetworkLayer;
			productName = EasyNetworkLayer;
			productReference = F5FF0FED2191C8B80083FE03 /* EasyNetworkLayer.app */;
			productType = "com.apple.product-type.application";
		};
		F5FF10002191C8BC0083FE03 /* EasyNetworkLayerTests */ = {
			isa = PBXNativeTarget;
			buildConfigurationList = F5FF10182191C8BC0083FE03 /* Build configuration list for PBXNativeTarget "EasyNetworkLayerTests" */;
			buildPhases = (
				F5FF0FFD2191C8BC0083FE03 /* Sources */,
				F5FF0FFE2191C8BC0083FE03 /* Frameworks */,
				F5FF0FFF2191C8BC0083FE03 /* Resources */,
			);
			buildRules = (
			);
			dependencies = (
				F5FF10032191C8BC0083FE03 /* PBXTargetDependency */,
			);
			name = EasyNetworkLayerTests;
			productName = EasyNetworkLayerTests;
			productReference = F5FF10012191C8BC0083FE03 /* EasyNetworkLayerTests.xctest */;
			productType = "com.apple.product-type.bundle.unit-test";
		};
		F5FF100B2191C8BC0083FE03 /* EasyNetworkLayerUITests */ = {
			isa = PBXNativeTarget;
			buildConfigurationList = F5FF101B2191C8BC0083FE03 /* Build configuration list for PBXNativeTarget "EasyNetworkLayerUITests" */;
			buildPhases = (
				F5FF10082191C8BC0083FE03 /* Sources */,
				F5FF10092191C8BC0083FE03 /* Frameworks */,
				F5FF100A2191C8BC0083FE03 /* Resources */,
			);
			buildRules = (
			);
			dependencies = (
				F5FF100E2191C8BC0083FE03 /* PBXTargetDependency */,
			);
			name = EasyNetworkLayerUITests;
			productName = EasyNetworkLayerUITests;
			productReference = F5FF100C2191C8BC0083FE03 /* EasyNetworkLayerUITests.xctest */;
			productType = "com.apple.product-type.bundle.ui-testing";
		};
/* End PBXNativeTarget section */

/* Begin PBXProject section */
		F5FF0FE52191C8B80083FE03 /* Project object */ = {
			isa = PBXProject;
			attributes = {
				LastSwiftUpdateCheck = 1010;
				LastUpgradeCheck = 1010;
				ORGANIZATIONNAME = muhammedkilinc;
				TargetAttributes = {
					F5FF0FEC2191C8B80083FE03 = {
						CreatedOnToolsVersion = 10.1;
					};
					F5FF10002191C8BC0083FE03 = {
						CreatedOnToolsVersion = 10.1;
						TestTargetID = F5FF0FEC2191C8B80083FE03;
					};
					F5FF100B2191C8BC0083FE03 = {
						CreatedOnToolsVersion = 10.1;
						TestTargetID = F5FF0FEC2191C8B80083FE03;
					};
				};
			};
			buildConfigurationList = F5FF0FE82191C8B80083FE03 /* Build configuration list for PBXProject "EasyNetworkLayer" */;
			compatibilityVersion = "Xcode 9.3";
			developmentRegion = en;
			hasScannedForEncodings = 0;
			knownRegions = (
				en,
				Base,
			);
			mainGroup = F5FF0FE42191C8B80083FE03;
			productRefGroup = F5FF0FEE2191C8B80083FE03 /* Products */;
			projectDirPath = "";
			projectRoot = "";
			targets = (
				F5FF0FEC2191C8B80083FE03 /* EasyNetworkLayer */,
				F5FF10002191C8BC0083FE03 /* EasyNetworkLayerTests */,
				F5FF100B2191C8BC0083FE03 /* EasyNetworkLayerUITests */,
			);
		};
/* End PBXProject section */

/* Begin PBXResourcesBuildPhase section */
		F5FF0FEB2191C8B80083FE03 /* Resources */ = {
			isa = PBXResourcesBuildPhase;
			buildActionMask = 2147483647;
			files = (
				F5FF103D21942FE60083FE03 /* SourceTableViewCell.xib in Resources */,
				F5FF0FFB2191C8BC0083FE03 /* LaunchScreen.storyboard in Resources */,
				F5FF0FF82191C8BC0083FE03 /* Assets.xcassets in Resources */,
				F5FF0FF62191C8B80083FE03 /* Main.storyboard in Resources */,
				F5FF1045219452C80083FE03 /* NewsTableViewCell.xib in Resources */,
			);
			runOnlyForDeploymentPostprocessing = 0;
		};
		F5FF0FFF2191C8BC0083FE03 /* Resources */ = {
			isa = PBXResourcesBuildPhase;
			buildActionMask = 2147483647;
			files = (
			);
			runOnlyForDeploymentPostprocessing = 0;
		};
		F5FF100A2191C8BC0083FE03 /* Resources */ = {
			isa = PBXResourcesBuildPhase;
			buildActionMask = 2147483647;
			files = (
			);
			runOnlyForDeploymentPostprocessing = 0;
		};
/* End PBXResourcesBuildPhase section */

/* Begin PBXSourcesBuildPhase section */
		F5FF0FE92191C8B80083FE03 /* Sources */ = {
			isa = PBXSourcesBuildPhase;
			buildActionMask = 2147483647;
			files = (
				F5FF1041219451200083FE03 /* NewsListViewController.swift in Sources */,
				F5FF103F219447C50083FE03 /* Cachable.swift in Sources */,
				F54F6376219EBD7B00E53BF7 /* GenericDataSource.swift in Sources */,
				F5630B3321A7DED800C90746 /* SourceListRouter.swift in Sources */,
				F5630B2F21A7DE8500C90746 /* SourceListConfigurator.swift in Sources */,
				F5FF1047219455550083FE03 /* UIViewController+Utils.swift in Sources */,
				F5630B2A21A6D27700C90746 /* SourceListTableViewController.swift in Sources */,
				F5FF1044219452C80083FE03 /* NewsTableViewCell.swift in Sources */,
				F5FF104E21946A370083FE03 /* DynamicValue.swift in Sources */,
				F5FF102B2191E10C0083FE03 /* Article.swift in Sources */,
				F5FF10302191E3AD0083FE03 /* Endpoint.swift in Sources */,
				F5630B3121A7DEA700C90746 /* SourceListPresenter.swift in Sources */,
				F5FF103C21942FE60083FE03 /* SourceTableViewCell.swift in Sources */,
				F5FF0FF32191C8B80083FE03 /* ViewController.swift in Sources */,
				F5FF10252191CBDB0083FE03 /* FetchResult.swift in Sources */,
				F54F6378219EBDBD00E53BF7 /* TableViewDataSource.swift in Sources */,
				F5FF10292191DCFD0083FE03 /* Source.swift in Sources */,
				F5FF1049219457D00083FE03 /* UIStoryboard+Utils.swift in Sources */,
				F5FF0FF12191C8B80083FE03 /* AppDelegate.swift in Sources */,
				F5FF10212191CB110083FE03 /* Fetcher.swift in Sources */,
				F5FF103721942F970083FE03 /* CellProtocol.swift in Sources */,
				F5FF10232191CBAB0083FE03 /* FetchError.swift in Sources */,
				F5FF10322192C7290083FE03 /* Encoders.swift in Sources */,
				F5FF10342192C9A80083FE03 /* FetchTask.swift in Sources */,
				F54F6374219EB98500E53BF7 /* GenericMultiTypeDataSource.swift in Sources */,
				3DEB28E7219DBC670086A017 /* Cells.swift in Sources */,
				F5FF102E2191E3870083FE03 /* FetchMethod.swift in Sources */,
				F5FF10522195B6D90083FE03 /* DynamicTableUIController.swift in Sources */,
			);
			runOnlyForDeploymentPostprocessing = 0;
		};
		F5FF0FFD2191C8BC0083FE03 /* Sources */ = {
			isa = PBXSourcesBuildPhase;
			buildActionMask = 2147483647;
			files = (
				F5FF10062191C8BC0083FE03 /* EasyNetworkLayerTests.swift in Sources */,
			);
			runOnlyForDeploymentPostprocessing = 0;
		};
		F5FF10082191C8BC0083FE03 /* Sources */ = {
			isa = PBXSourcesBuildPhase;
			buildActionMask = 2147483647;
			files = (
				F5FF10112191C8BC0083FE03 /* EasyNetworkLayerUITests.swift in Sources */,
			);
			runOnlyForDeploymentPostprocessing = 0;
		};
/* End PBXSourcesBuildPhase section */

/* Begin PBXTargetDependency section */
		F5FF10032191C8BC0083FE03 /* PBXTargetDependency */ = {
			isa = PBXTargetDependency;
			target = F5FF0FEC2191C8B80083FE03 /* EasyNetworkLayer */;
			targetProxy = F5FF10022191C8BC0083FE03 /* PBXContainerItemProxy */;
		};
		F5FF100E2191C8BC0083FE03 /* PBXTargetDependency */ = {
			isa = PBXTargetDependency;
			target = F5FF0FEC2191C8B80083FE03 /* EasyNetworkLayer */;
			targetProxy = F5FF100D2191C8BC0083FE03 /* PBXContainerItemProxy */;
		};
/* End PBXTargetDependency section */

/* Begin PBXVariantGroup section */
		F5FF0FF42191C8B80083FE03 /* Main.storyboard */ = {
			isa = PBXVariantGroup;
			children = (
				F5FF0FF52191C8B80083FE03 /* Base */,
			);
			name = Main.storyboard;
			sourceTree = "<group>";
		};
		F5FF0FF92191C8BC0083FE03 /* LaunchScreen.storyboard */ = {
			isa = PBXVariantGroup;
			children = (
				F5FF0FFA2191C8BC0083FE03 /* Base */,
			);
			name = LaunchScreen.storyboard;
			sourceTree = "<group>";
		};
/* End PBXVariantGroup section */

/* Begin XCBuildConfiguration section */
		F5FF10132191C8BC0083FE03 /* Debug */ = {
			isa = XCBuildConfiguration;
			buildSettings = {
				ALWAYS_SEARCH_USER_PATHS = NO;
				CLANG_ANALYZER_NONNULL = YES;
				CLANG_ANALYZER_NUMBER_OBJECT_CONVERSION = YES_AGGRESSIVE;
				CLANG_CXX_LANGUAGE_STANDARD = "gnu++14";
				CLANG_CXX_LIBRARY = "libc++";
				CLANG_ENABLE_MODULES = YES;
				CLANG_ENABLE_OBJC_ARC = YES;
				CLANG_ENABLE_OBJC_WEAK = YES;
				CLANG_WARN_BLOCK_CAPTURE_AUTORELEASING = YES;
				CLANG_WARN_BOOL_CONVERSION = YES;
				CLANG_WARN_COMMA = YES;
				CLANG_WARN_CONSTANT_CONVERSION = YES;
				CLANG_WARN_DEPRECATED_OBJC_IMPLEMENTATIONS = YES;
				CLANG_WARN_DIRECT_OBJC_ISA_USAGE = YES_ERROR;
				CLANG_WARN_DOCUMENTATION_COMMENTS = YES;
				CLANG_WARN_EMPTY_BODY = YES;
				CLANG_WARN_ENUM_CONVERSION = YES;
				CLANG_WARN_INFINITE_RECURSION = YES;
				CLANG_WARN_INT_CONVERSION = YES;
				CLANG_WARN_NON_LITERAL_NULL_CONVERSION = YES;
				CLANG_WARN_OBJC_IMPLICIT_RETAIN_SELF = YES;
				CLANG_WARN_OBJC_LITERAL_CONVERSION = YES;
				CLANG_WARN_OBJC_ROOT_CLASS = YES_ERROR;
				CLANG_WARN_RANGE_LOOP_ANALYSIS = YES;
				CLANG_WARN_STRICT_PROTOTYPES = YES;
				CLANG_WARN_SUSPICIOUS_MOVE = YES;
				CLANG_WARN_UNGUARDED_AVAILABILITY = YES_AGGRESSIVE;
				CLANG_WARN_UNREACHABLE_CODE = YES;
				CLANG_WARN__DUPLICATE_METHOD_MATCH = YES;
				CODE_SIGN_IDENTITY = "iPhone Developer";
				COPY_PHASE_STRIP = NO;
				DEBUG_INFORMATION_FORMAT = dwarf;
				ENABLE_STRICT_OBJC_MSGSEND = YES;
				ENABLE_TESTABILITY = YES;
				GCC_C_LANGUAGE_STANDARD = gnu11;
				GCC_DYNAMIC_NO_PIC = NO;
				GCC_NO_COMMON_BLOCKS = YES;
				GCC_OPTIMIZATION_LEVEL = 0;
				GCC_PREPROCESSOR_DEFINITIONS = (
					"DEBUG=1",
					"$(inherited)",
				);
				GCC_WARN_64_TO_32_BIT_CONVERSION = YES;
				GCC_WARN_ABOUT_RETURN_TYPE = YES_ERROR;
				GCC_WARN_UNDECLARED_SELECTOR = YES;
				GCC_WARN_UNINITIALIZED_AUTOS = YES_AGGRESSIVE;
				GCC_WARN_UNUSED_FUNCTION = YES;
				GCC_WARN_UNUSED_VARIABLE = YES;
				IPHONEOS_DEPLOYMENT_TARGET = 12.1;
				MTL_ENABLE_DEBUG_INFO = INCLUDE_SOURCE;
				MTL_FAST_MATH = YES;
				ONLY_ACTIVE_ARCH = YES;
				SDKROOT = iphoneos;
				SWIFT_ACTIVE_COMPILATION_CONDITIONS = DEBUG;
				SWIFT_OPTIMIZATION_LEVEL = "-Onone";
			};
			name = Debug;
		};
		F5FF10142191C8BC0083FE03 /* Release */ = {
			isa = XCBuildConfiguration;
			buildSettings = {
				ALWAYS_SEARCH_USER_PATHS = NO;
				CLANG_ANALYZER_NONNULL = YES;
				CLANG_ANALYZER_NUMBER_OBJECT_CONVERSION = YES_AGGRESSIVE;
				CLANG_CXX_LANGUAGE_STANDARD = "gnu++14";
				CLANG_CXX_LIBRARY = "libc++";
				CLANG_ENABLE_MODULES = YES;
				CLANG_ENABLE_OBJC_ARC = YES;
				CLANG_ENABLE_OBJC_WEAK = YES;
				CLANG_WARN_BLOCK_CAPTURE_AUTORELEASING = YES;
				CLANG_WARN_BOOL_CONVERSION = YES;
				CLANG_WARN_COMMA = YES;
				CLANG_WARN_CONSTANT_CONVERSION = YES;
				CLANG_WARN_DEPRECATED_OBJC_IMPLEMENTATIONS = YES;
				CLANG_WARN_DIRECT_OBJC_ISA_USAGE = YES_ERROR;
				CLANG_WARN_DOCUMENTATION_COMMENTS = YES;
				CLANG_WARN_EMPTY_BODY = YES;
				CLANG_WARN_ENUM_CONVERSION = YES;
				CLANG_WARN_INFINITE_RECURSION = YES;
				CLANG_WARN_INT_CONVERSION = YES;
				CLANG_WARN_NON_LITERAL_NULL_CONVERSION = YES;
				CLANG_WARN_OBJC_IMPLICIT_RETAIN_SELF = YES;
				CLANG_WARN_OBJC_LITERAL_CONVERSION = YES;
				CLANG_WARN_OBJC_ROOT_CLASS = YES_ERROR;
				CLANG_WARN_RANGE_LOOP_ANALYSIS = YES;
				CLANG_WARN_STRICT_PROTOTYPES = YES;
				CLANG_WARN_SUSPICIOUS_MOVE = YES;
				CLANG_WARN_UNGUARDED_AVAILABILITY = YES_AGGRESSIVE;
				CLANG_WARN_UNREACHABLE_CODE = YES;
				CLANG_WARN__DUPLICATE_METHOD_MATCH = YES;
				CODE_SIGN_IDENTITY = "iPhone Developer";
				COPY_PHASE_STRIP = NO;
				DEBUG_INFORMATION_FORMAT = "dwarf-with-dsym";
				ENABLE_NS_ASSERTIONS = NO;
				ENABLE_STRICT_OBJC_MSGSEND = YES;
				GCC_C_LANGUAGE_STANDARD = gnu11;
				GCC_NO_COMMON_BLOCKS = YES;
				GCC_WARN_64_TO_32_BIT_CONVERSION = YES;
				GCC_WARN_ABOUT_RETURN_TYPE = YES_ERROR;
				GCC_WARN_UNDECLARED_SELECTOR = YES;
				GCC_WARN_UNINITIALIZED_AUTOS = YES_AGGRESSIVE;
				GCC_WARN_UNUSED_FUNCTION = YES;
				GCC_WARN_UNUSED_VARIABLE = YES;
				IPHONEOS_DEPLOYMENT_TARGET = 12.1;
				MTL_ENABLE_DEBUG_INFO = NO;
				MTL_FAST_MATH = YES;
				SDKROOT = iphoneos;
				SWIFT_COMPILATION_MODE = wholemodule;
				SWIFT_OPTIMIZATION_LEVEL = "-O";
				VALIDATE_PRODUCT = YES;
			};
			name = Release;
		};
		F5FF10162191C8BC0083FE03 /* Debug */ = {
			isa = XCBuildConfiguration;
			buildSettings = {
				ASSETCATALOG_COMPILER_APPICON_NAME = AppIcon;
				CODE_SIGN_STYLE = Automatic;
				INFOPLIST_FILE = EasyNetworkLayer/Info.plist;
				LD_RUNPATH_SEARCH_PATHS = (
					"$(inherited)",
					"@executable_path/Frameworks",
				);
				PRODUCT_BUNDLE_IDENTIFIER = com.muhammed.kasva.EasyNetworkLayer;
				PRODUCT_NAME = "$(TARGET_NAME)";
				SWIFT_VERSION = 4.2;
				TARGETED_DEVICE_FAMILY = "1,2";
			};
			name = Debug;
		};
		F5FF10172191C8BC0083FE03 /* Release */ = {
			isa = XCBuildConfiguration;
			buildSettings = {
				ASSETCATALOG_COMPILER_APPICON_NAME = AppIcon;
				CODE_SIGN_STYLE = Automatic;
				INFOPLIST_FILE = EasyNetworkLayer/Info.plist;
				LD_RUNPATH_SEARCH_PATHS = (
					"$(inherited)",
					"@executable_path/Frameworks",
				);
				PRODUCT_BUNDLE_IDENTIFIER = com.muhammed.kasva.EasyNetworkLayer;
				PRODUCT_NAME = "$(TARGET_NAME)";
				SWIFT_VERSION = 4.2;
				TARGETED_DEVICE_FAMILY = "1,2";
			};
			name = Release;
		};
		F5FF10192191C8BC0083FE03 /* Debug */ = {
			isa = XCBuildConfiguration;
			buildSettings = {
				ALWAYS_EMBED_SWIFT_STANDARD_LIBRARIES = YES;
				BUNDLE_LOADER = "$(TEST_HOST)";
				CODE_SIGN_STYLE = Automatic;
				INFOPLIST_FILE = EasyNetworkLayerTests/Info.plist;
				LD_RUNPATH_SEARCH_PATHS = (
					"$(inherited)",
					"@executable_path/Frameworks",
					"@loader_path/Frameworks",
				);
				PRODUCT_BUNDLE_IDENTIFIER = com.muhammed.kasva.EasyNetworkLayerTests;
				PRODUCT_NAME = "$(TARGET_NAME)";
				SWIFT_VERSION = 4.2;
				TARGETED_DEVICE_FAMILY = "1,2";
				TEST_HOST = "$(BUILT_PRODUCTS_DIR)/EasyNetworkLayer.app/EasyNetworkLayer";
			};
			name = Debug;
		};
		F5FF101A2191C8BC0083FE03 /* Release */ = {
			isa = XCBuildConfiguration;
			buildSettings = {
				ALWAYS_EMBED_SWIFT_STANDARD_LIBRARIES = YES;
				BUNDLE_LOADER = "$(TEST_HOST)";
				CODE_SIGN_STYLE = Automatic;
				INFOPLIST_FILE = EasyNetworkLayerTests/Info.plist;
				LD_RUNPATH_SEARCH_PATHS = (
					"$(inherited)",
					"@executable_path/Frameworks",
					"@loader_path/Frameworks",
				);
				PRODUCT_BUNDLE_IDENTIFIER = com.muhammed.kasva.EasyNetworkLayerTests;
				PRODUCT_NAME = "$(TARGET_NAME)";
				SWIFT_VERSION = 4.2;
				TARGETED_DEVICE_FAMILY = "1,2";
				TEST_HOST = "$(BUILT_PRODUCTS_DIR)/EasyNetworkLayer.app/EasyNetworkLayer";
			};
			name = Release;
		};
		F5FF101C2191C8BC0083FE03 /* Debug */ = {
			isa = XCBuildConfiguration;
			buildSettings = {
				ALWAYS_EMBED_SWIFT_STANDARD_LIBRARIES = YES;
				CODE_SIGN_STYLE = Automatic;
				INFOPLIST_FILE = EasyNetworkLayerUITests/Info.plist;
				LD_RUNPATH_SEARCH_PATHS = (
					"$(inherited)",
					"@executable_path/Frameworks",
					"@loader_path/Frameworks",
				);
				PRODUCT_BUNDLE_IDENTIFIER = com.muhammed.kasva.EasyNetworkLayerUITests;
				PRODUCT_NAME = "$(TARGET_NAME)";
				SWIFT_VERSION = 4.2;
				TARGETED_DEVICE_FAMILY = "1,2";
				TEST_TARGET_NAME = EasyNetworkLayer;
			};
			name = Debug;
		};
		F5FF101D2191C8BC0083FE03 /* Release */ = {
			isa = XCBuildConfiguration;
			buildSettings = {
				ALWAYS_EMBED_SWIFT_STANDARD_LIBRARIES = YES;
				CODE_SIGN_STYLE = Automatic;
				INFOPLIST_FILE = EasyNetworkLayerUITests/Info.plist;
				LD_RUNPATH_SEARCH_PATHS = (
					"$(inherited)",
					"@executable_path/Frameworks",
					"@loader_path/Frameworks",
				);
				PRODUCT_BUNDLE_IDENTIFIER = com.muhammed.kasva.EasyNetworkLayerUITests;
				PRODUCT_NAME = "$(TARGET_NAME)";
				SWIFT_VERSION = 4.2;
				TARGETED_DEVICE_FAMILY = "1,2";
				TEST_TARGET_NAME = EasyNetworkLayer;
			};
			name = Release;
		};
/* End XCBuildConfiguration section */

/* Begin XCConfigurationList section */
		F5FF0FE82191C8B80083FE03 /* Build configuration list for PBXProject "EasyNetworkLayer" */ = {
			isa = XCConfigurationList;
			buildConfigurations = (
				F5FF10132191C8BC0083FE03 /* Debug */,
				F5FF10142191C8BC0083FE03 /* Release */,
			);
			defaultConfigurationIsVisible = 0;
			defaultConfigurationName = Release;
		};
		F5FF10152191C8BC0083FE03 /* Build configuration list for PBXNativeTarget "EasyNetworkLayer" */ = {
			isa = XCConfigurationList;
			buildConfigurations = (
				F5FF10162191C8BC0083FE03 /* Debug */,
				F5FF10172191C8BC0083FE03 /* Release */,
			);
			defaultConfigurationIsVisible = 0;
			defaultConfigurationName = Release;
		};
		F5FF10182191C8BC0083FE03 /* Build configuration list for PBXNativeTarget "EasyNetworkLayerTests" */ = {
			isa = XCConfigurationList;
			buildConfigurations = (
				F5FF10192191C8BC0083FE03 /* Debug */,
				F5FF101A2191C8BC0083FE03 /* Release */,
			);
			defaultConfigurationIsVisible = 0;
			defaultConfigurationName = Release;
		};
		F5FF101B2191C8BC0083FE03 /* Build configuration list for PBXNativeTarget "EasyNetworkLayerUITests" */ = {
			isa = XCConfigurationList;
			buildConfigurations = (
				F5FF101C2191C8BC0083FE03 /* Debug */,
				F5FF101D2191C8BC0083FE03 /* Release */,
			);
			defaultConfigurationIsVisible = 0;
			defaultConfigurationName = Release;
		};
/* End XCConfigurationList section */
	};
	rootObject = F5FF0FE52191C8B80083FE03 /* Project object */;
}
